
Microsoft Visual Studio Solution File, Format Version 12.00
# Visual Studio Version 17
VisualStudioVersion = 17.3.32811.315
MinimumVisualStudioVersion = 10.0.40219.1
Project("{2150E333-8FDC-42A3-9474-1A3956D46DE8}") = "src", "src", "{C0A2A1DC-2AD7-4FAE-A253-5CB9F36D0207}"
EndProject
Project("{2150E333-8FDC-42A3-9474-1A3956D46DE8}") = "tests", "tests", "{D9101081-8269-4672-B9DC-8386779CDFAA}"
EndProject
Project("{9A19103F-16F7-4668-BE54-9A1E7A4F7556}") = "Sales.WebUI", "src\Presentation\Sales.WebUI\Sales.WebUI.csproj", "{972F54BB-346F-4F48-91B1-61A077C1807A}"
EndProject
Project("{2150E333-8FDC-42A3-9474-1A3956D46DE8}") = "Solution Items", "Solution Items", "{3354CCF6-87DD-4E82-AAC7-7443DF051E5E}"
	ProjectSection(SolutionItems) = preProject
		README.md = README.md
	EndProjectSection
EndProject
Project("{9A19103F-16F7-4668-BE54-9A1E7A4F7556}") = "Sales.Promocode.Api", "src\API\Sales.Promocode.Api\Sales.Promocode.Api.csproj", "{72228AF8-369D-4E43-A06F-6371318D5F67}"
EndProject
Project("{9A19103F-16F7-4668-BE54-9A1E7A4F7556}") = "Sales.Core", "src\Core\Sales.Core\Sales.Core.csproj", "{294EF9A9-6A07-45E9-83FC-DCE9EAECBB8B}"
EndProject
Project("{9A19103F-16F7-4668-BE54-9A1E7A4F7556}") = "Sales.Contracts", "src\Core\Sales.Contracts\Sales.Contracts.csproj", "{74D0263C-A23C-4FCF-A743-1B985BDAD6CE}"
EndProject
Project("{9A19103F-16F7-4668-BE54-9A1E7A4F7556}") = "Sales.Infrastructure", "src\Infrastructure\Sales.Infrastructure\Sales.Infrastructure.csproj", "{1052D7D0-CEE1-4A7D-BBAC-C4686E781B90}"
EndProject
Project("{9A19103F-16F7-4668-BE54-9A1E7A4F7556}") = "Sales.Infrastructure.Promocode.Data.Dapper", "src\Infrastructure\Sales.Infrastructure.Data.Dapper\Sales.Infrastructure.Promocode.Data.Dapper.csproj", "{DB30DF9C-7219-4A3C-B7F4-C907AF167256}"
EndProject
Project("{9A19103F-16F7-4668-BE54-9A1E7A4F7556}") = "Sales.Product.Api", "src\API\Sales.Product.Api\Sales.Product.Api.csproj", "{15F88C46-43EB-4CE1-A406-5801DDCCCDE6}"
EndProject
Project("{9A19103F-16F7-4668-BE54-9A1E7A4F7556}") = "Sales.Core.Tests", "tests\Sales.Core.Tests\Sales.Core.Tests.csproj", "{86045168-3F01-4BE1-9499-E51470088CFC}"
EndProject
Project("{9A19103F-16F7-4668-BE54-9A1E7A4F7556}") = "Sales.Infrastructure.Product.Data.Dapper", "src\Infrastructure\Sales.Infrastructure.Product.Data.Dapper\Sales.Infrastructure.Product.Data.Dapper.csproj", "{C8F46472-E56C-4FCA-9306-FC14BBD87616}"
EndProject
Project("{9A19103F-16F7-4668-BE54-9A1E7A4F7556}") = "Sales.Infrastructure.Data", "src\Infrastructure\Sales.Infrastructure.Data\Sales.Infrastructure.Data.csproj", "{244B49D8-8158-430D-864D-634E01FAA897}"
EndProject
Project("{9A19103F-16F7-4668-BE54-9A1E7A4F7556}") = "Sales.Order.Api", "src\API\Sales.Order.Api\Sales.Order.Api.csproj", "{CD053001-30E8-4792-A920-889CCAB4200D}"
EndProject
Project("{9A19103F-16F7-4668-BE54-9A1E7A4F7556}") = "Sales.Infrastructure.Order.Data.Dapper", "src\Infrastructure\Sales.Infrastructure.Order.Data.Dapper\Sales.Infrastructure.Order.Data.Dapper.csproj", "{E71BEB8C-A2A3-499B-BB71-235BF55D31AD}"
EndProject
Project("{2150E333-8FDC-42A3-9474-1A3956D46DE8}") = "API", "API", "{D055292D-6A18-401E-A135-AED0AEACB161}"
EndProject
Project("{2150E333-8FDC-42A3-9474-1A3956D46DE8}") = "Infrastructure", "Infrastructure", "{DAC553A4-02C1-43FB-BAE4-F8AEAC2BAAED}"
EndProject
Project("{2150E333-8FDC-42A3-9474-1A3956D46DE8}") = "Core", "Core", "{A0FBF881-F2BE-4E3A-A4E1-D673DA7E177B}"
EndProject
Project("{2150E333-8FDC-42A3-9474-1A3956D46DE8}") = "Presentation", "Presentation", "{C9A6EAC5-9952-4A57-9B68-2DB5251CC0D5}"
EndProject
Project("{9A19103F-16F7-4668-BE54-9A1E7A4F7556}") = "Sales.Promocode.Api.Tests", "tests\Sales.Promocode.Api.Tests\Sales.Promocode.Api.Tests.csproj", "{76893CC5-D878-4CB0-A781-CC7278FC3EB7}"
EndProject
Project("{FAE04EC0-301F-11D3-BF4B-00C04F79EFBC}") = "Sales.Promocode.Api.IntegrationTests", "tests\Promocode.Api.IntegrationTests\Sales.Promocode.Api.IntegrationTests.csproj", "{957ABF15-DB1D-4994-9AF9-92C4B7240AB4}"
EndProject
Project("{FAE04EC0-301F-11D3-BF4B-00C04F79EFBC}") = "Sales.Order.Api.Tests", "tests\Sales.Order.Api.Tests\Sales.Order.Api.Tests.csproj", "{41E53231-76B5-4528-BBAE-FD63CB30985E}"
EndProject
Global
	GlobalSection(SolutionConfigurationPlatforms) = preSolution
		Debug|Any CPU = Debug|Any CPU
		Release|Any CPU = Release|Any CPU
	EndGlobalSection
	GlobalSection(ProjectConfigurationPlatforms) = postSolution
		{972F54BB-346F-4F48-91B1-61A077C1807A}.Debug|Any CPU.ActiveCfg = Debug|Any CPU
		{972F54BB-346F-4F48-91B1-61A077C1807A}.Debug|Any CPU.Build.0 = Debug|Any CPU
		{972F54BB-346F-4F48-91B1-61A077C1807A}.Release|Any CPU.ActiveCfg = Release|Any CPU
		{972F54BB-346F-4F48-91B1-61A077C1807A}.Release|Any CPU.Build.0 = Release|Any CPU
		{72228AF8-369D-4E43-A06F-6371318D5F67}.Debug|Any CPU.ActiveCfg = Debug|Any CPU
		{72228AF8-369D-4E43-A06F-6371318D5F67}.Debug|Any CPU.Build.0 = Debug|Any CPU
		{72228AF8-369D-4E43-A06F-6371318D5F67}.Release|Any CPU.ActiveCfg = Release|Any CPU
		{72228AF8-369D-4E43-A06F-6371318D5F67}.Release|Any CPU.Build.0 = Release|Any CPU
		{294EF9A9-6A07-45E9-83FC-DCE9EAECBB8B}.Debug|Any CPU.ActiveCfg = Debug|Any CPU
		{294EF9A9-6A07-45E9-83FC-DCE9EAECBB8B}.Debug|Any CPU.Build.0 = Debug|Any CPU
		{294EF9A9-6A07-45E9-83FC-DCE9EAECBB8B}.Release|Any CPU.ActiveCfg = Release|Any CPU
		{294EF9A9-6A07-45E9-83FC-DCE9EAECBB8B}.Release|Any CPU.Build.0 = Release|Any CPU
		{74D0263C-A23C-4FCF-A743-1B985BDAD6CE}.Debug|Any CPU.ActiveCfg = Debug|Any CPU
		{74D0263C-A23C-4FCF-A743-1B985BDAD6CE}.Debug|Any CPU.Build.0 = Debug|Any CPU
		{74D0263C-A23C-4FCF-A743-1B985BDAD6CE}.Release|Any CPU.ActiveCfg = Release|Any CPU
		{74D0263C-A23C-4FCF-A743-1B985BDAD6CE}.Release|Any CPU.Build.0 = Release|Any CPU
		{1052D7D0-CEE1-4A7D-BBAC-C4686E781B90}.Debug|Any CPU.ActiveCfg = Debug|Any CPU
		{1052D7D0-CEE1-4A7D-BBAC-C4686E781B90}.Debug|Any CPU.Build.0 = Debug|Any CPU
		{1052D7D0-CEE1-4A7D-BBAC-C4686E781B90}.Release|Any CPU.ActiveCfg = Release|Any CPU
		{1052D7D0-CEE1-4A7D-BBAC-C4686E781B90}.Release|Any CPU.Build.0 = Release|Any CPU
		{DB30DF9C-7219-4A3C-B7F4-C907AF167256}.Debug|Any CPU.ActiveCfg = Debug|Any CPU
		{DB30DF9C-7219-4A3C-B7F4-C907AF167256}.Debug|Any CPU.Build.0 = Debug|Any CPU
		{DB30DF9C-7219-4A3C-B7F4-C907AF167256}.Release|Any CPU.ActiveCfg = Release|Any CPU
		{DB30DF9C-7219-4A3C-B7F4-C907AF167256}.Release|Any CPU.Build.0 = Release|Any CPU
		{15F88C46-43EB-4CE1-A406-5801DDCCCDE6}.Debug|Any CPU.ActiveCfg = Debug|Any CPU
		{15F88C46-43EB-4CE1-A406-5801DDCCCDE6}.Debug|Any CPU.Build.0 = Debug|Any CPU
		{15F88C46-43EB-4CE1-A406-5801DDCCCDE6}.Release|Any CPU.ActiveCfg = Release|Any CPU
		{15F88C46-43EB-4CE1-A406-5801DDCCCDE6}.Release|Any CPU.Build.0 = Release|Any CPU
		{86045168-3F01-4BE1-9499-E51470088CFC}.Debug|Any CPU.ActiveCfg = Debug|Any CPU
		{86045168-3F01-4BE1-9499-E51470088CFC}.Debug|Any CPU.Build.0 = Debug|Any CPU
		{86045168-3F01-4BE1-9499-E51470088CFC}.Release|Any CPU.ActiveCfg = Release|Any CPU
		{86045168-3F01-4BE1-9499-E51470088CFC}.Release|Any CPU.Build.0 = Release|Any CPU
		{C8F46472-E56C-4FCA-9306-FC14BBD87616}.Debug|Any CPU.ActiveCfg = Debug|Any CPU
		{C8F46472-E56C-4FCA-9306-FC14BBD87616}.Debug|Any CPU.Build.0 = Debug|Any CPU
		{C8F46472-E56C-4FCA-9306-FC14BBD87616}.Release|Any CPU.ActiveCfg = Release|Any CPU
		{C8F46472-E56C-4FCA-9306-FC14BBD87616}.Release|Any CPU.Build.0 = Release|Any CPU
		{244B49D8-8158-430D-864D-634E01FAA897}.Debug|Any CPU.ActiveCfg = Debug|Any CPU
		{244B49D8-8158-430D-864D-634E01FAA897}.Debug|Any CPU.Build.0 = Debug|Any CPU
		{244B49D8-8158-430D-864D-634E01FAA897}.Release|Any CPU.ActiveCfg = Release|Any CPU
		{244B49D8-8158-430D-864D-634E01FAA897}.Release|Any CPU.Build.0 = Release|Any CPU
		{CD053001-30E8-4792-A920-889CCAB4200D}.Debug|Any CPU.ActiveCfg = Debug|Any CPU
		{CD053001-30E8-4792-A920-889CCAB4200D}.Debug|Any CPU.Build.0 = Debug|Any CPU
		{CD053001-30E8-4792-A920-889CCAB4200D}.Release|Any CPU.ActiveCfg = Release|Any CPU
		{CD053001-30E8-4792-A920-889CCAB4200D}.Release|Any CPU.Build.0 = Release|Any CPU
		{E71BEB8C-A2A3-499B-BB71-235BF55D31AD}.Debug|Any CPU.ActiveCfg = Debug|Any CPU
		{E71BEB8C-A2A3-499B-BB71-235BF55D31AD}.Debug|Any CPU.Build.0 = Debug|Any CPU
		{E71BEB8C-A2A3-499B-BB71-235BF55D31AD}.Release|Any CPU.ActiveCfg = Release|Any CPU
		{E71BEB8C-A2A3-499B-BB71-235BF55D31AD}.Release|Any CPU.Build.0 = Release|Any CPU
		{76893CC5-D878-4CB0-A781-CC7278FC3EB7}.Debug|Any CPU.ActiveCfg = Debug|Any CPU
		{76893CC5-D878-4CB0-A781-CC7278FC3EB7}.Debug|Any CPU.Build.0 = Debug|Any CPU
		{76893CC5-D878-4CB0-A781-CC7278FC3EB7}.Release|Any CPU.ActiveCfg = Release|Any CPU
		{76893CC5-D878-4CB0-A781-CC7278FC3EB7}.Release|Any CPU.Build.0 = Release|Any CPU
		{957ABF15-DB1D-4994-9AF9-92C4B7240AB4}.Debug|Any CPU.ActiveCfg = Debug|Any CPU
		{957ABF15-DB1D-4994-9AF9-92C4B7240AB4}.Debug|Any CPU.Build.0 = Debug|Any CPU
		{957ABF15-DB1D-4994-9AF9-92C4B7240AB4}.Release|Any CPU.ActiveCfg = Release|Any CPU
		{957ABF15-DB1D-4994-9AF9-92C4B7240AB4}.Release|Any CPU.Build.0 = Release|Any CPU
		{41E53231-76B5-4528-BBAE-FD63CB30985E}.Debug|Any CPU.ActiveCfg = Debug|Any CPU
		{41E53231-76B5-4528-BBAE-FD63CB30985E}.Debug|Any CPU.Build.0 = Debug|Any CPU
		{41E53231-76B5-4528-BBAE-FD63CB30985E}.Release|Any CPU.ActiveCfg = Release|Any CPU
		{41E53231-76B5-4528-BBAE-FD63CB30985E}.Release|Any CPU.Build.0 = Release|Any CPU
	EndGlobalSection
	GlobalSection(SolutionProperties) = preSolution
		HideSolutionNode = FALSE
	EndGlobalSection
	GlobalSection(NestedProjects) = preSolution
		{972F54BB-346F-4F48-91B1-61A077C1807A} = {C9A6EAC5-9952-4A57-9B68-2DB5251CC0D5}
		{72228AF8-369D-4E43-A06F-6371318D5F67} = {D055292D-6A18-401E-A135-AED0AEACB161}
		{294EF9A9-6A07-45E9-83FC-DCE9EAECBB8B} = {A0FBF881-F2BE-4E3A-A4E1-D673DA7E177B}
		{74D0263C-A23C-4FCF-A743-1B985BDAD6CE} = {A0FBF881-F2BE-4E3A-A4E1-D673DA7E177B}
		{1052D7D0-CEE1-4A7D-BBAC-C4686E781B90} = {DAC553A4-02C1-43FB-BAE4-F8AEAC2BAAED}
		{DB30DF9C-7219-4A3C-B7F4-C907AF167256} = {DAC553A4-02C1-43FB-BAE4-F8AEAC2BAAED}
		{15F88C46-43EB-4CE1-A406-5801DDCCCDE6} = {D055292D-6A18-401E-A135-AED0AEACB161}
		{86045168-3F01-4BE1-9499-E51470088CFC} = {D9101081-8269-4672-B9DC-8386779CDFAA}
		{C8F46472-E56C-4FCA-9306-FC14BBD87616} = {DAC553A4-02C1-43FB-BAE4-F8AEAC2BAAED}
		{244B49D8-8158-430D-864D-634E01FAA897} = {DAC553A4-02C1-43FB-BAE4-F8AEAC2BAAED}
		{CD053001-30E8-4792-A920-889CCAB4200D} = {D055292D-6A18-401E-A135-AED0AEACB161}
		{E71BEB8C-A2A3-499B-BB71-235BF55D31AD} = {DAC553A4-02C1-43FB-BAE4-F8AEAC2BAAED}
		{D055292D-6A18-401E-A135-AED0AEACB161} = {C0A2A1DC-2AD7-4FAE-A253-5CB9F36D0207}
		{DAC553A4-02C1-43FB-BAE4-F8AEAC2BAAED} = {C0A2A1DC-2AD7-4FAE-A253-5CB9F36D0207}
		{A0FBF881-F2BE-4E3A-A4E1-D673DA7E177B} = {C0A2A1DC-2AD7-4FAE-A253-5CB9F36D0207}
		{C9A6EAC5-9952-4A57-9B68-2DB5251CC0D5} = {C0A2A1DC-2AD7-4FAE-A253-5CB9F36D0207}
		{76893CC5-D878-4CB0-A781-CC7278FC3EB7} = {D9101081-8269-4672-B9DC-8386779CDFAA}
		{957ABF15-DB1D-4994-9AF9-92C4B7240AB4} = {D9101081-8269-4672-B9DC-8386779CDFAA}
		{41E53231-76B5-4528-BBAE-FD63CB30985E} = {D9101081-8269-4672-B9DC-8386779CDFAA}
	EndGlobalSection
	GlobalSection(ExtensibilityGlobals) = postSolution
		SolutionGuid = {39AC0E70-BD20-42AE-B1F3-C5B3C3943551}
	EndGlobalSection
EndGlobal
